<?xml version="1.0" encoding="utf-8"?>
<Project ToolsVersion="4.0" xmlns="http://schemas.microsoft.com/developer/msbuild/2003">
  <ItemGroup>
    <Filter Include="win32">
      <UniqueIdentifier>{84a8ebd7-7cf0-47f6-b75e-d441df67da40}</UniqueIdentifier>
    </Filter>
    <Filter Include="resource">
      <UniqueIdentifier>{715254bc-d70b-4ec5-bf29-467dd3ace079}</UniqueIdentifier>
    </Filter>
    <Filter Include="src">
      <UniqueIdentifier>{bb6c862e-70e9-49d9-81b7-3829a6f50471}</UniqueIdentifier>
    </Filter>
    <Filter Include="GameInterface">
      <UniqueIdentifier>{34b331a1-b934-4fc9-b075-42d3a73aa5c1}</UniqueIdentifier>
    </Filter>
    <Filter Include="NetWorkGame">
      <UniqueIdentifier>{01d14be1-b789-48a0-a071-e495e6a446a6}</UniqueIdentifier>
    </Filter>
    <Filter Include="NetWorkGame\ConnectServer">
      <UniqueIdentifier>{4f2b39f3-cc04-481a-bb82-d69629cd4616}</UniqueIdentifier>
    </Filter>
    <Filter Include="NetWorkGame\NetworkBase">
      <UniqueIdentifier>{b32d8abd-dcf8-4f2d-a66c-47d9ca3b6830}</UniqueIdentifier>
    </Filter>
    <Filter Include="NetWorkGame\NetworkGame">
      <UniqueIdentifier>{f8bd2eb6-e583-487d-83a1-91e5c41c8a90}</UniqueIdentifier>
    </Filter>
    <Filter Include="NetWorkGame\SelectRooms">
      <UniqueIdentifier>{80d46302-0523-4da8-be04-8f2dd978fd73}</UniqueIdentifier>
    </Filter>
    <Filter Include="NetWorkGame\SignIn">
      <UniqueIdentifier>{e5ea7827-5d8e-40be-abde-e04bd9f87470}</UniqueIdentifier>
    </Filter>
    <Filter Include="NetWorkGame\SignUp">
      <UniqueIdentifier>{7048f3f4-a9e7-428e-a210-e9cefc02802c}</UniqueIdentifier>
    </Filter>
    <Filter Include="QuickEngine">
      <UniqueIdentifier>{ea6e5e1a-f173-4b91-98d7-0469823ff93f}</UniqueIdentifier>
    </Filter>
    <Filter Include="SingleGame">
      <UniqueIdentifier>{793bc0b0-8706-4123-b8ea-7a16d066f9c7}</UniqueIdentifier>
    </Filter>
    <Filter Include="Test">
      <UniqueIdentifier>{3cf68529-d961-48e9-99e2-2299db369a7a}</UniqueIdentifier>
    </Filter>
  </ItemGroup>
  <ItemGroup>
    <ClCompile Include="main.cpp">
      <Filter>win32</Filter>
    </ClCompile>
    <ClCompile Include="..\..\Baby%27s_36_Skills\Classes\AppDelegate.cpp">
      <Filter>src</Filter>
    </ClCompile>
    <ClCompile Include="..\..\Baby%27s_36_Skills\Classes\GameInterface\begin.cpp">
      <Filter>GameInterface</Filter>
    </ClCompile>
    <ClCompile Include="..\..\Baby%27s_36_Skills\Classes\GameInterface\InterNet.cpp">
      <Filter>GameInterface</Filter>
    </ClCompile>
    <ClCompile Include="..\..\Baby%27s_36_Skills\Classes\GameInterface\MapFive.cpp">
      <Filter>GameInterface</Filter>
    </ClCompile>
    <ClCompile Include="..\..\Baby%27s_36_Skills\Classes\GameInterface\MapFour.cpp">
      <Filter>GameInterface</Filter>
    </ClCompile>
    <ClCompile Include="..\..\Baby%27s_36_Skills\Classes\GameInterface\MapOne.cpp">
      <Filter>GameInterface</Filter>
    </ClCompile>
    <ClCompile Include="..\..\Baby%27s_36_Skills\Classes\GameInterface\MapThere.cpp">
      <Filter>GameInterface</Filter>
    </ClCompile>
    <ClCompile Include="..\..\Baby%27s_36_Skills\Classes\GameInterface\MapTwo.cpp">
      <Filter>GameInterface</Filter>
    </ClCompile>
    <ClCompile Include="..\..\Baby%27s_36_Skills\Classes\GameInterface\ResourceLoadScene.cpp">
      <Filter>GameInterface</Filter>
    </ClCompile>
    <ClCompile Include="..\..\Baby%27s_36_Skills\Classes\GameInterface\star.cpp">
      <Filter>GameInterface</Filter>
    </ClCompile>
    <ClCompile Include="..\..\Baby%27s_36_Skills\Classes\NetWorkGame\ConnectServer\ConnectServerScene.cpp">
      <Filter>NetWorkGame\ConnectServer</Filter>
    </ClCompile>
    <ClCompile Include="..\..\Baby%27s_36_Skills\Classes\NetWorkGame\NetworkBase\Connect.cpp">
      <Filter>NetWorkGame\NetworkBase</Filter>
    </ClCompile>
    <ClCompile Include="..\..\Baby%27s_36_Skills\Classes\NetWorkGame\NetworkBase\NetworkBaseScene.cpp">
      <Filter>NetWorkGame\NetworkBase</Filter>
    </ClCompile>
    <ClCompile Include="..\..\Baby%27s_36_Skills\Classes\NetWorkGame\NetworkGame\NetworkGameOverScene.cpp">
      <Filter>NetWorkGame\NetworkGame</Filter>
    </ClCompile>
    <ClCompile Include="..\..\Baby%27s_36_Skills\Classes\NetWorkGame\NetworkGame\NetworkGameScene.cpp">
      <Filter>NetWorkGame\NetworkGame</Filter>
    </ClCompile>
    <ClCompile Include="..\..\Baby%27s_36_Skills\Classes\NetWorkGame\NetworkGame\WaitingNetworkGameScene.cpp">
      <Filter>NetWorkGame\NetworkGame</Filter>
    </ClCompile>
    <ClCompile Include="..\..\Baby%27s_36_Skills\Classes\NetWorkGame\SelectRooms\CreateRoomScene.cpp">
      <Filter>NetWorkGame\SelectRooms</Filter>
    </ClCompile>
    <ClCompile Include="..\..\Baby%27s_36_Skills\Classes\NetWorkGame\SelectRooms\GetRoomsScene.cpp">
      <Filter>NetWorkGame\SelectRooms</Filter>
    </ClCompile>
    <ClCompile Include="..\..\Baby%27s_36_Skills\Classes\NetWorkGame\SelectRooms\JoinRoomScene.cpp">
      <Filter>NetWorkGame\SelectRooms</Filter>
    </ClCompile>
    <ClCompile Include="..\..\Baby%27s_36_Skills\Classes\NetWorkGame\SelectRooms\RoomsInfo.cpp">
      <Filter>NetWorkGame\SelectRooms</Filter>
    </ClCompile>
    <ClCompile Include="..\..\Baby%27s_36_Skills\Classes\NetWorkGame\SelectRooms\SelectRoleScene.cpp">
      <Filter>NetWorkGame\SelectRooms</Filter>
    </ClCompile>
    <ClCompile Include="..\..\Baby%27s_36_Skills\Classes\NetWorkGame\SignIn\SignInScene.cpp">
      <Filter>NetWorkGame\SignIn</Filter>
    </ClCompile>
    <ClCompile Include="..\..\Baby%27s_36_Skills\Classes\NetWorkGame\SignUp\SignUpScene.cpp">
      <Filter>NetWorkGame\SignUp</Filter>
    </ClCompile>
    <ClCompile Include="..\..\Baby%27s_36_Skills\Classes\QuickEngine\QAnimate.cpp">
      <Filter>QuickEngine</Filter>
    </ClCompile>
    <ClCompile Include="..\..\Baby%27s_36_Skills\Classes\QuickEngine\QEditBox.cpp">
      <Filter>QuickEngine</Filter>
    </ClCompile>
    <ClCompile Include="..\..\Baby%27s_36_Skills\Classes\QuickEngine\QJson.cpp">
      <Filter>QuickEngine</Filter>
    </ClCompile>
    <ClCompile Include="..\..\Baby%27s_36_Skills\Classes\QuickEngine\QMenu.cpp">
      <Filter>QuickEngine</Filter>
    </ClCompile>
    <ClCompile Include="..\..\Baby%27s_36_Skills\Classes\QuickEngine\QMessageBox.cpp">
      <Filter>QuickEngine</Filter>
    </ClCompile>
    <ClCompile Include="..\..\Baby%27s_36_Skills\Classes\QuickEngine\QObject.cpp">
      <Filter>QuickEngine</Filter>
    </ClCompile>
    <ClCompile Include="..\..\Baby%27s_36_Skills\Classes\QuickEngine\QScene.cpp">
      <Filter>QuickEngine</Filter>
    </ClCompile>
    <ClCompile Include="..\..\Baby%27s_36_Skills\Classes\QuickEngine\QSprite.cpp">
      <Filter>QuickEngine</Filter>
    </ClCompile>
    <ClCompile Include="..\..\Baby%27s_36_Skills\Classes\QuickEngine\QString.cpp">
      <Filter>QuickEngine</Filter>
    </ClCompile>
    <ClCompile Include="..\..\Baby%27s_36_Skills\Classes\QuickEngine\QTMX.cpp">
      <Filter>QuickEngine</Filter>
    </ClCompile>
    <ClCompile Include="..\..\Baby%27s_36_Skills\Classes\SingleGame\animation.cpp">
      <Filter>SingleGame</Filter>
    </ClCompile>
    <ClCompile Include="..\..\Baby%27s_36_Skills\Classes\SingleGame\DataParse.cpp">
      <Filter>SingleGame</Filter>
    </ClCompile>
    <ClCompile Include="..\..\Baby%27s_36_Skills\Classes\SingleGame\HRocker.cpp">
      <Filter>SingleGame</Filter>
    </ClCompile>
    <ClCompile Include="..\..\Baby%27s_36_Skills\Classes\Test\HelloWorldScene.cpp">
      <Filter>Test</Filter>
    </ClCompile>
    <ClCompile Include="..\..\Baby%27s_36_Skills\Classes\Test\HttpTest.cpp">
      <Filter>Test</Filter>
    </ClCompile>
    <ClCompile Include="..\..\Baby%27s_36_Skills\Classes\Test\PopAlertDialog.cpp">
      <Filter>Test</Filter>
    </ClCompile>
    <ClCompile Include="..\..\Baby%27s_36_Skills\Classes\Test\SignInSceneTest.cpp">
      <Filter>Test</Filter>
    </ClCompile>
    <ClCompile Include="..\..\Baby%27s_36_Skills\Classes\Test\SocketIOTestLayer.cpp">
      <Filter>Test</Filter>
    </ClCompile>
    <ClCompile Include="..\..\Baby%27s_36_Skills\Classes\Test\WebSocketTestLayer.cpp">
      <Filter>Test</Filter>
    </ClCompile>
    <ClCompile Include="..\Classes\SingleGame\Battle.cpp">
      <Filter>SingleGame</Filter>
    </ClCompile>
  </ItemGroup>
  <ItemGroup>
    <ClInclude Include="main.h">
      <Filter>win32</Filter>
    </ClInclude>
    <ClInclude Include="..\..\Baby%27s_36_Skills\Classes\AppDelegate.h">
      <Filter>src</Filter>
    </ClInclude>
    <ClInclude Include="..\..\Baby%27s_36_Skills\Classes\QE.h">
      <Filter>src</Filter>
    </ClInclude>
    <ClInclude Include="..\..\Baby%27s_36_Skills\Classes\GameInterface\begin.h">
      <Filter>GameInterface</Filter>
    </ClInclude>
    <ClInclude Include="..\..\Baby%27s_36_Skills\Classes\GameInterface\InterNet.h">
      <Filter>GameInterface</Filter>
    </ClInclude>
    <ClInclude Include="..\..\Baby%27s_36_Skills\Classes\GameInterface\MapFive.h">
      <Filter>GameInterface</Filter>
    </ClInclude>
    <ClInclude Include="..\..\Baby%27s_36_Skills\Classes\GameInterface\MapFour.h">
      <Filter>GameInterface</Filter>
    </ClInclude>
    <ClInclude Include="..\..\Baby%27s_36_Skills\Classes\GameInterface\MapOne.h">
      <Filter>GameInterface</Filter>
    </ClInclude>
    <ClInclude Include="..\..\Baby%27s_36_Skills\Classes\GameInterface\MapThere.h">
      <Filter>GameInterface</Filter>
    </ClInclude>
    <ClInclude Include="..\..\Baby%27s_36_Skills\Classes\GameInterface\MapTwo.h">
      <Filter>GameInterface</Filter>
    </ClInclude>
    <ClInclude Include="..\..\Baby%27s_36_Skills\Classes\GameInterface\ResourceLoadScene.h">
      <Filter>GameInterface</Filter>
    </ClInclude>
    <ClInclude Include="..\..\Baby%27s_36_Skills\Classes\GameInterface\star.h">
      <Filter>GameInterface</Filter>
    </ClInclude>
    <ClInclude Include="..\..\Baby%27s_36_Skills\Classes\NetWorkGame\ConnectServer\ConnectServerScene.h">
      <Filter>NetWorkGame\ConnectServer</Filter>
    </ClInclude>
    <ClInclude Include="..\..\Baby%27s_36_Skills\Classes\NetWorkGame\NetworkBase\Connect.h">
      <Filter>NetWorkGame\NetworkBase</Filter>
    </ClInclude>
    <ClInclude Include="..\..\Baby%27s_36_Skills\Classes\NetWorkGame\NetworkBase\NetworkBaseScene.h">
      <Filter>NetWorkGame\NetworkBase</Filter>
    </ClInclude>
    <ClInclude Include="..\..\Baby%27s_36_Skills\Classes\NetWorkGame\NetworkGame\NetworkGameOverScene.h">
      <Filter>NetWorkGame\NetworkGame</Filter>
    </ClInclude>
    <ClInclude Include="..\..\Baby%27s_36_Skills\Classes\NetWorkGame\NetworkGame\NetworkGameScene.h">
      <Filter>NetWorkGame\NetworkGame</Filter>
    </ClInclude>
    <ClInclude Include="..\..\Baby%27s_36_Skills\Classes\NetWorkGame\NetworkGame\WaitingNetworkGameScene.h">
      <Filter>NetWorkGame\NetworkGame</Filter>
    </ClInclude>
    <ClInclude Include="..\..\Baby%27s_36_Skills\Classes\NetWorkGame\SelectRooms\CreateRoomScene.h">
      <Filter>NetWorkGame\SelectRooms</Filter>
    </ClInclude>
    <ClInclude Include="..\..\Baby%27s_36_Skills\Classes\NetWorkGame\SelectRooms\GetRoomsScene.h">
      <Filter>NetWorkGame\SelectRooms</Filter>
    </ClInclude>
    <ClInclude Include="..\..\Baby%27s_36_Skills\Classes\NetWorkGame\SelectRooms\JoinRoomScene.h">
      <Filter>NetWorkGame\SelectRooms</Filter>
    </ClInclude>
    <ClInclude Include="..\..\Baby%27s_36_Skills\Classes\NetWorkGame\SelectRooms\RoomsInfo.h">
      <Filter>NetWorkGame\SelectRooms</Filter>
    </ClInclude>
    <ClInclude Include="..\..\Baby%27s_36_Skills\Classes\NetWorkGame\SelectRooms\SelectRoleScene.h">
      <Filter>NetWorkGame\SelectRooms</Filter>
    </ClInclude>
    <ClInclude Include="..\..\Baby%27s_36_Skills\Classes\NetWorkGame\SignIn\SignInScene.h">
      <Filter>NetWorkGame\SignIn</Filter>
    </ClInclude>
    <ClInclude Include="..\..\Baby%27s_36_Skills\Classes\NetWorkGame\SignUp\SignUpScene.h">
      <Filter>NetWorkGame\SignUp</Filter>
    </ClInclude>
    <ClInclude Include="..\..\Baby%27s_36_Skills\Classes\QuickEngine\QAnimate.h">
      <Filter>QuickEngine</Filter>
    </ClInclude>
    <ClInclude Include="..\..\Baby%27s_36_Skills\Classes\QuickEngine\QDesignMode.h">
      <Filter>QuickEngine</Filter>
    </ClInclude>
    <ClInclude Include="..\..\Baby%27s_36_Skills\Classes\QuickEngine\QEditBox.h">
      <Filter>QuickEngine</Filter>
    </ClInclude>
    <ClInclude Include="..\..\Baby%27s_36_Skills\Classes\QuickEngine\QFileUtils.h">
      <Filter>QuickEngine</Filter>
    </ClInclude>
    <ClInclude Include="..\..\Baby%27s_36_Skills\Classes\QuickEngine\QJson.h">
      <Filter>QuickEngine</Filter>
    </ClInclude>
    <ClInclude Include="..\..\Baby%27s_36_Skills\Classes\QuickEngine\QLayer.h">
      <Filter>QuickEngine</Filter>
    </ClInclude>
    <ClInclude Include="..\..\Baby%27s_36_Skills\Classes\QuickEngine\QMenu.h">
      <Filter>QuickEngine</Filter>
    </ClInclude>
    <ClInclude Include="..\..\Baby%27s_36_Skills\Classes\QuickEngine\QMessageBox.h">
      <Filter>QuickEngine</Filter>
    </ClInclude>
    <ClInclude Include="..\..\Baby%27s_36_Skills\Classes\QuickEngine\QObject.h">
      <Filter>QuickEngine</Filter>
    </ClInclude>
    <ClInclude Include="..\..\Baby%27s_36_Skills\Classes\QuickEngine\QScene.h">
      <Filter>QuickEngine</Filter>
    </ClInclude>
    <ClInclude Include="..\..\Baby%27s_36_Skills\Classes\QuickEngine\QSprite.h">
      <Filter>QuickEngine</Filter>
    </ClInclude>
    <ClInclude Include="..\..\Baby%27s_36_Skills\Classes\QuickEngine\QString.h">
      <Filter>QuickEngine</Filter>
    </ClInclude>
    <ClInclude Include="..\..\Baby%27s_36_Skills\Classes\QuickEngine\QTMX.h">
      <Filter>QuickEngine</Filter>
    </ClInclude>
    <ClInclude Include="..\..\Baby%27s_36_Skills\Classes\QuickEngine\QType.h">
      <Filter>QuickEngine</Filter>
    </ClInclude>
    <ClInclude Include="..\..\Baby%27s_36_Skills\Classes\QuickEngine\QuickEngine.h">
      <Filter>QuickEngine</Filter>
    </ClInclude>
    <ClInclude Include="..\..\Baby%27s_36_Skills\Classes\SingleGame\animation.h">
      <Filter>SingleGame</Filter>
    </ClInclude>
    <ClInclude Include="..\..\Baby%27s_36_Skills\Classes\SingleGame\DataParse.h">
      <Filter>SingleGame</Filter>
    </ClInclude>
    <ClInclude Include="..\..\Baby%27s_36_Skills\Classes\SingleGame\HRocker.h">
      <Filter>SingleGame</Filter>
    </ClInclude>
    <ClInclude Include="..\..\Baby%27s_36_Skills\Classes\Test\HelloWorldScene.h">
      <Filter>Test</Filter>
    </ClInclude>
    <ClInclude Include="..\..\Baby%27s_36_Skills\Classes\Test\HttpTest.h">
      <Filter>Test</Filter>
    </ClInclude>
    <ClInclude Include="..\..\Baby%27s_36_Skills\Classes\Test\PopAlertDialog.h">
      <Filter>Test</Filter>
    </ClInclude>
    <ClInclude Include="..\..\Baby%27s_36_Skills\Classes\Test\SignInSceneTest.h">
      <Filter>Test</Filter>
    </ClInclude>
    <ClInclude Include="..\..\Baby%27s_36_Skills\Classes\Test\SocketIOTestLayer.h">
      <Filter>Test</Filter>
    </ClInclude>
    <ClInclude Include="..\..\Baby%27s_36_Skills\Classes\Test\WebSocketTestLayer.h">
      <Filter>Test</Filter>
    </ClInclude>
    <ClInclude Include="..\Classes\SingleGame\Battle.h">
      <Filter>SingleGame</Filter>
    </ClInclude>
  </ItemGroup>
  <ItemGroup>
    <ResourceCompile Include="game.rc">
      <Filter>resource</Filter>
    </ResourceCompile>
  </ItemGroup>
</Project>