<?xml version="1.0" encoding="utf-8"?>
<Project ToolsVersion="4.0" xmlns="http://schemas.microsoft.com/developer/msbuild/2003">
  <ItemGroup>
    <Filter Include="win32">
      <UniqueIdentifier>{84a8ebd7-7cf0-47f6-b75e-d441df67da40}</UniqueIdentifier>
    </Filter>
    <Filter Include="resource">
      <UniqueIdentifier>{715254bc-d70b-4ec5-bf29-467dd3ace079}</UniqueIdentifier>
    </Filter>
    <Filter Include="src">
      <UniqueIdentifier>{bb6c862e-70e9-49d9-81b7-3829a6f50471}</UniqueIdentifier>
    </Filter>
    <Filter Include="QE">
      <UniqueIdentifier>{d86bba5b-b137-4390-9d3b-a8b11110b6f6}</UniqueIdentifier>
    </Filter>
    <Filter Include="QE\support">
      <UniqueIdentifier>{3052e007-2467-433b-bc39-cba26c0fe4a7}</UniqueIdentifier>
    </Filter>
    <Filter Include="Network">
      <UniqueIdentifier>{20b5d59d-325b-4a81-92ce-fd41e3ad05a0}</UniqueIdentifier>
    </Filter>
    <Filter Include="Test">
      <UniqueIdentifier>{f82467ff-d899-4440-9f4b-e9d6110b4176}</UniqueIdentifier>
    </Filter>
  </ItemGroup>
  <ItemGroup>
    <ClCompile Include="main.cpp">
      <Filter>win32</Filter>
    </ClCompile>
    <ClCompile Include="..\Classes\AppDelegate.cpp">
      <Filter>src</Filter>
    </ClCompile>
    <ClCompile Include="..\Classes\SignInScene.cpp">
      <Filter>Network</Filter>
    </ClCompile>
    <ClCompile Include="..\Classes\HttpTest.cpp">
      <Filter>Test</Filter>
    </ClCompile>
    <ClCompile Include="..\Classes\Connect.cpp">
      <Filter>Network</Filter>
    </ClCompile>
    <ClCompile Include="..\Classes\WebSocketTestLayer.cpp">
      <Filter>Test</Filter>
    </ClCompile>
    <ClCompile Include="..\Classes\SocketIOTestLayer.cpp">
      <Filter>Test</Filter>
    </ClCompile>
    <ClCompile Include="..\Classes\ConnectServerScene.cpp">
      <Filter>Network</Filter>
    </ClCompile>
    <ClCompile Include="..\Classes\SignUpScene.cpp">
      <Filter>Network</Filter>
    </ClCompile>
    <ClCompile Include="..\Classes\SignInSceneTest.cpp">
      <Filter>Test</Filter>
    </ClCompile>
    <ClCompile Include="..\Classes\SelectRoomsScene.cpp">
      <Filter>Network</Filter>
    </ClCompile>
    <ClCompile Include="..\Classes\QuickEngine\QAnimate.cpp">
      <Filter>QE\support</Filter>
    </ClCompile>
    <ClCompile Include="..\Classes\QuickEngine\QEditBox.cpp">
      <Filter>QE\support</Filter>
    </ClCompile>
    <ClCompile Include="..\Classes\QuickEngine\QJson.cpp">
      <Filter>QE\support</Filter>
    </ClCompile>
    <ClCompile Include="..\Classes\QuickEngine\QMenu.cpp">
      <Filter>QE\support</Filter>
    </ClCompile>
    <ClCompile Include="..\Classes\QuickEngine\QObject.cpp">
      <Filter>QE\support</Filter>
    </ClCompile>
    <ClCompile Include="..\Classes\QuickEngine\QScene.cpp">
      <Filter>QE\support</Filter>
    </ClCompile>
    <ClCompile Include="..\Classes\QuickEngine\QSprite.cpp">
      <Filter>QE\support</Filter>
    </ClCompile>
    <ClCompile Include="..\Classes\QuickEngine\QTMX.cpp">
      <Filter>QE\support</Filter>
    </ClCompile>
    <ClCompile Include="..\Classes\NetworkGameScene.cpp">
      <Filter>Network</Filter>
    </ClCompile>
    <ClCompile Include="..\Classes\NetworkBaseScene.cpp">
      <Filter>Network</Filter>
    </ClCompile>
    <ClCompile Include="..\Classes\QuickEngine\QString.cpp">
      <Filter>QE\support</Filter>
    </ClCompile>
    <ClCompile Include="..\Classes\HelloWorldScene.cpp">
      <Filter>Test</Filter>
    </ClCompile>
  </ItemGroup>
  <ItemGroup>
    <ClInclude Include="main.h">
      <Filter>win32</Filter>
    </ClInclude>
    <ClInclude Include="..\Classes\AppDelegate.h">
      <Filter>src</Filter>
    </ClInclude>
    <ClInclude Include="..\Classes\QE.h">
      <Filter>QE</Filter>
    </ClInclude>
    <ClInclude Include="..\Classes\SignInScene.h">
      <Filter>Network</Filter>
    </ClInclude>
    <ClInclude Include="..\Classes\HttpTest.h">
      <Filter>Test</Filter>
    </ClInclude>
    <ClInclude Include="..\Classes\Connect.h">
      <Filter>Network</Filter>
    </ClInclude>
    <ClInclude Include="..\Classes\WebSocketTestLayer.h">
      <Filter>Test</Filter>
    </ClInclude>
    <ClInclude Include="..\Classes\SocketIOTestLayer.h">
      <Filter>Test</Filter>
    </ClInclude>
    <ClInclude Include="..\Classes\ConnectServerScene.h">
      <Filter>Network</Filter>
    </ClInclude>
    <ClInclude Include="..\Classes\SignUpScene.h">
      <Filter>Network</Filter>
    </ClInclude>
    <ClInclude Include="..\Classes\SignInSceneTest.h">
      <Filter>Test</Filter>
    </ClInclude>
    <ClInclude Include="..\Classes\SelectRoomsScene.h">
      <Filter>Network</Filter>
    </ClInclude>
    <ClInclude Include="..\Classes\QuickEngine\QAnimate.h">
      <Filter>QE\support</Filter>
    </ClInclude>
    <ClInclude Include="..\Classes\QuickEngine\QDesignMode.h">
      <Filter>QE\support</Filter>
    </ClInclude>
    <ClInclude Include="..\Classes\QuickEngine\QEditBox.h">
      <Filter>QE\support</Filter>
    </ClInclude>
    <ClInclude Include="..\Classes\QuickEngine\QFileUtils.h">
      <Filter>QE\support</Filter>
    </ClInclude>
    <ClInclude Include="..\Classes\QuickEngine\QJson.h">
      <Filter>QE\support</Filter>
    </ClInclude>
    <ClInclude Include="..\Classes\QuickEngine\QLayer.h">
      <Filter>QE\support</Filter>
    </ClInclude>
    <ClInclude Include="..\Classes\QuickEngine\QMenu.h">
      <Filter>QE\support</Filter>
    </ClInclude>
    <ClInclude Include="..\Classes\QuickEngine\QObject.h">
      <Filter>QE\support</Filter>
    </ClInclude>
    <ClInclude Include="..\Classes\QuickEngine\QScene.h">
      <Filter>QE\support</Filter>
    </ClInclude>
    <ClInclude Include="..\Classes\QuickEngine\QSprite.h">
      <Filter>QE\support</Filter>
    </ClInclude>
    <ClInclude Include="..\Classes\QuickEngine\QTMX.h">
      <Filter>QE\support</Filter>
    </ClInclude>
    <ClInclude Include="..\Classes\QuickEngine\QType.h">
      <Filter>QE\support</Filter>
    </ClInclude>
    <ClInclude Include="..\Classes\QuickEngine\QuickEngine.h">
      <Filter>QE\support</Filter>
    </ClInclude>
    <ClInclude Include="..\Classes\NetworkGameScene.h">
      <Filter>Network</Filter>
    </ClInclude>
    <ClInclude Include="..\Classes\NetworkBaseScene.h">
      <Filter>Network</Filter>
    </ClInclude>
    <ClInclude Include="..\Classes\QuickEngine\QString.h">
      <Filter>QE\support</Filter>
    </ClInclude>
    <ClInclude Include="..\Classes\HelloWorldScene.h">
      <Filter>Test</Filter>
    </ClInclude>
  </ItemGroup>
  <ItemGroup>
    <ResourceCompile Include="game.rc">
      <Filter>resource</Filter>
    </ResourceCompile>
  </ItemGroup>
</Project>