<?xml version="1.0" encoding="utf-8"?>
<Project ToolsVersion="4.0" xmlns="http://schemas.microsoft.com/developer/msbuild/2003">
  <ItemGroup>
    <Filter Include="win32">
      <UniqueIdentifier>{84a8ebd7-7cf0-47f6-b75e-d441df67da40}</UniqueIdentifier>
    </Filter>
    <Filter Include="resource">
      <UniqueIdentifier>{715254bc-d70b-4ec5-bf29-467dd3ace079}</UniqueIdentifier>
    </Filter>
    <Filter Include="src">
      <UniqueIdentifier>{bb6c862e-70e9-49d9-81b7-3829a6f50471}</UniqueIdentifier>
    </Filter>
    <Filter Include="QE">
      <UniqueIdentifier>{d86bba5b-b137-4390-9d3b-a8b11110b6f6}</UniqueIdentifier>
    </Filter>
    <Filter Include="QE\support">
      <UniqueIdentifier>{3052e007-2467-433b-bc39-cba26c0fe4a7}</UniqueIdentifier>
    </Filter>
    <Filter Include="Network">
      <UniqueIdentifier>{20b5d59d-325b-4a81-92ce-fd41e3ad05a0}</UniqueIdentifier>
    </Filter>
    <Filter Include="Test">
      <UniqueIdentifier>{f82467ff-d899-4440-9f4b-e9d6110b4176}</UniqueIdentifier>
    </Filter>
    <Filter Include="Network\ConnectServer">
      <UniqueIdentifier>{27806e10-c913-4070-93fe-517ad1a7169e}</UniqueIdentifier>
    </Filter>
    <Filter Include="Network\NetworkBase">
      <UniqueIdentifier>{f4f7a6e6-54cb-4ad1-9649-cfec8e6a209a}</UniqueIdentifier>
    </Filter>
    <Filter Include="Network\SignIn">
      <UniqueIdentifier>{fad8affd-2605-41c4-8e1a-0dee1d664a1e}</UniqueIdentifier>
    </Filter>
    <Filter Include="Network\SignUp">
      <UniqueIdentifier>{b8be3ebb-bc6c-4a9b-8fff-c2bfd7510ed5}</UniqueIdentifier>
    </Filter>
    <Filter Include="Network\NetworkGame">
      <UniqueIdentifier>{dec26222-e7c6-4e94-8edf-31df79fa0aa2}</UniqueIdentifier>
    </Filter>
    <Filter Include="Network\SelectRooms">
      <UniqueIdentifier>{f0a08260-c664-443d-8233-0f6ea9d8c989}</UniqueIdentifier>
    </Filter>
  </ItemGroup>
  <ItemGroup>
    <ClCompile Include="main.cpp">
      <Filter>win32</Filter>
    </ClCompile>
    <ClCompile Include="..\Classes\AppDelegate.cpp">
      <Filter>src</Filter>
    </ClCompile>
    <ClCompile Include="..\Classes\QuickEngine\QAnimate.cpp">
      <Filter>QE\support</Filter>
    </ClCompile>
    <ClCompile Include="..\Classes\QuickEngine\QEditBox.cpp">
      <Filter>QE\support</Filter>
    </ClCompile>
    <ClCompile Include="..\Classes\QuickEngine\QJson.cpp">
      <Filter>QE\support</Filter>
    </ClCompile>
    <ClCompile Include="..\Classes\QuickEngine\QMenu.cpp">
      <Filter>QE\support</Filter>
    </ClCompile>
    <ClCompile Include="..\Classes\QuickEngine\QObject.cpp">
      <Filter>QE\support</Filter>
    </ClCompile>
    <ClCompile Include="..\Classes\QuickEngine\QScene.cpp">
      <Filter>QE\support</Filter>
    </ClCompile>
    <ClCompile Include="..\Classes\QuickEngine\QSprite.cpp">
      <Filter>QE\support</Filter>
    </ClCompile>
    <ClCompile Include="..\Classes\QuickEngine\QTMX.cpp">
      <Filter>QE\support</Filter>
    </ClCompile>
    <ClCompile Include="..\Classes\QuickEngine\QString.cpp">
      <Filter>QE\support</Filter>
    </ClCompile>
    <ClCompile Include="..\Classes\ConnectServerScene.cpp">
      <Filter>Network\ConnectServer</Filter>
    </ClCompile>
    <ClCompile Include="..\Classes\Connect.cpp">
      <Filter>Network\NetworkBase</Filter>
    </ClCompile>
    <ClCompile Include="..\Classes\NetworkBaseScene.cpp">
      <Filter>Network\NetworkBase</Filter>
    </ClCompile>
    <ClCompile Include="..\Classes\SignInScene.cpp">
      <Filter>Network\SignIn</Filter>
    </ClCompile>
    <ClCompile Include="..\Classes\SignUpScene.cpp">
      <Filter>Network\SignUp</Filter>
    </ClCompile>
    <ClCompile Include="..\Classes\NetworkGameScene.cpp">
      <Filter>Network\NetworkGame</Filter>
    </ClCompile>
    <ClCompile Include="..\Classes\GetRoomsScene.cpp">
      <Filter>Network\SelectRooms</Filter>
    </ClCompile>
    <ClCompile Include="..\Classes\CreateRoomScene.cpp">
      <Filter>Network\SelectRooms</Filter>
    </ClCompile>
    <ClCompile Include="..\Classes\RoomInfo.cpp">
      <Filter>Network\SelectRooms</Filter>
    </ClCompile>
    <ClCompile Include="..\Classes\JoinRoomScene.cpp">
      <Filter>Network\SelectRooms</Filter>
    </ClCompile>
    <ClCompile Include="..\Classes\SelectRoleScene.cpp">
      <Filter>Network\SelectRooms</Filter>
    </ClCompile>
    <ClCompile Include="..\Classes\NetworkGameOverScene.cpp">
      <Filter>Network\NetworkGame</Filter>
    </ClCompile>
    <ClCompile Include="..\Classes\QuickEngine\QMessageBox.cpp">
      <Filter>QE\support</Filter>
    </ClCompile>
    <ClCompile Include="..\Classes\Test\HelloWorldScene.cpp">
      <Filter>Test</Filter>
    </ClCompile>
    <ClCompile Include="..\Classes\Test\HttpTest.cpp">
      <Filter>Test</Filter>
    </ClCompile>
    <ClCompile Include="..\Classes\Test\PopAlertDialog.cpp">
      <Filter>Test</Filter>
    </ClCompile>
    <ClCompile Include="..\Classes\Test\SignInSceneTest.cpp">
      <Filter>Test</Filter>
    </ClCompile>
    <ClCompile Include="..\Classes\Test\SocketIOTestLayer.cpp">
      <Filter>Test</Filter>
    </ClCompile>
    <ClCompile Include="..\Classes\Test\WebSocketTestLayer.cpp">
      <Filter>Test</Filter>
    </ClCompile>
    <ClCompile Include="..\Classes\WaitingNetworkGameScene.cpp">
      <Filter>Network\NetworkGame</Filter>
    </ClCompile>
  </ItemGroup>
  <ItemGroup>
    <ClInclude Include="main.h">
      <Filter>win32</Filter>
    </ClInclude>
    <ClInclude Include="..\Classes\AppDelegate.h">
      <Filter>src</Filter>
    </ClInclude>
    <ClInclude Include="..\Classes\QE.h">
      <Filter>QE</Filter>
    </ClInclude>
    <ClInclude Include="..\Classes\QuickEngine\QAnimate.h">
      <Filter>QE\support</Filter>
    </ClInclude>
    <ClInclude Include="..\Classes\QuickEngine\QDesignMode.h">
      <Filter>QE\support</Filter>
    </ClInclude>
    <ClInclude Include="..\Classes\QuickEngine\QEditBox.h">
      <Filter>QE\support</Filter>
    </ClInclude>
    <ClInclude Include="..\Classes\QuickEngine\QFileUtils.h">
      <Filter>QE\support</Filter>
    </ClInclude>
    <ClInclude Include="..\Classes\QuickEngine\QJson.h">
      <Filter>QE\support</Filter>
    </ClInclude>
    <ClInclude Include="..\Classes\QuickEngine\QLayer.h">
      <Filter>QE\support</Filter>
    </ClInclude>
    <ClInclude Include="..\Classes\QuickEngine\QMenu.h">
      <Filter>QE\support</Filter>
    </ClInclude>
    <ClInclude Include="..\Classes\QuickEngine\QObject.h">
      <Filter>QE\support</Filter>
    </ClInclude>
    <ClInclude Include="..\Classes\QuickEngine\QScene.h">
      <Filter>QE\support</Filter>
    </ClInclude>
    <ClInclude Include="..\Classes\QuickEngine\QSprite.h">
      <Filter>QE\support</Filter>
    </ClInclude>
    <ClInclude Include="..\Classes\QuickEngine\QTMX.h">
      <Filter>QE\support</Filter>
    </ClInclude>
    <ClInclude Include="..\Classes\QuickEngine\QType.h">
      <Filter>QE\support</Filter>
    </ClInclude>
    <ClInclude Include="..\Classes\QuickEngine\QuickEngine.h">
      <Filter>QE\support</Filter>
    </ClInclude>
    <ClInclude Include="..\Classes\QuickEngine\QString.h">
      <Filter>QE\support</Filter>
    </ClInclude>
    <ClInclude Include="..\Classes\ConnectServerScene.h">
      <Filter>Network\ConnectServer</Filter>
    </ClInclude>
    <ClInclude Include="..\Classes\NetworkBaseScene.h">
      <Filter>Network\NetworkBase</Filter>
    </ClInclude>
    <ClInclude Include="..\Classes\Connect.h">
      <Filter>Network\NetworkBase</Filter>
    </ClInclude>
    <ClInclude Include="..\Classes\SignInScene.h">
      <Filter>Network\SignIn</Filter>
    </ClInclude>
    <ClInclude Include="..\Classes\SignUpScene.h">
      <Filter>Network\SignUp</Filter>
    </ClInclude>
    <ClInclude Include="..\Classes\NetworkGameScene.h">
      <Filter>Network\NetworkGame</Filter>
    </ClInclude>
    <ClInclude Include="..\Classes\GetRoomsScene.h">
      <Filter>Network\SelectRooms</Filter>
    </ClInclude>
    <ClInclude Include="..\Classes\CreateRoomScene.h">
      <Filter>Network\SelectRooms</Filter>
    </ClInclude>
    <ClInclude Include="..\Classes\RoomInfo.h">
      <Filter>Network\SelectRooms</Filter>
    </ClInclude>
    <ClInclude Include="..\Classes\JoinRoomScene.h">
      <Filter>Network\SelectRooms</Filter>
    </ClInclude>
    <ClInclude Include="..\Classes\SelectRoleScene.h">
      <Filter>Network\SelectRooms</Filter>
    </ClInclude>
    <ClInclude Include="..\Classes\NetworkGameOverScene.h">
      <Filter>Network\NetworkGame</Filter>
    </ClInclude>
    <ClInclude Include="..\Classes\QuickEngine\QMessageBox.h">
      <Filter>QE\support</Filter>
    </ClInclude>
    <ClInclude Include="..\Classes\Test\HelloWorldScene.h">
      <Filter>Test</Filter>
    </ClInclude>
    <ClInclude Include="..\Classes\Test\HttpTest.h">
      <Filter>Test</Filter>
    </ClInclude>
    <ClInclude Include="..\Classes\Test\PopAlertDialog.h">
      <Filter>Test</Filter>
    </ClInclude>
    <ClInclude Include="..\Classes\Test\SignInSceneTest.h">
      <Filter>Test</Filter>
    </ClInclude>
    <ClInclude Include="..\Classes\Test\SocketIOTestLayer.h">
      <Filter>Test</Filter>
    </ClInclude>
    <ClInclude Include="..\Classes\Test\WebSocketTestLayer.h">
      <Filter>Test</Filter>
    </ClInclude>
    <ClInclude Include="..\Classes\WaitingNetworkGameScene.h">
      <Filter>Network\NetworkGame</Filter>
    </ClInclude>
  </ItemGroup>
  <ItemGroup>
    <ResourceCompile Include="game.rc">
      <Filter>resource</Filter>
    </ResourceCompile>
  </ItemGroup>
</Project>