<?xml version="1.0" encoding="utf-8"?>
<Project ToolsVersion="4.0" xmlns="http://schemas.microsoft.com/developer/msbuild/2003">
  <ItemGroup>
    <Filter Include="win32">
      <UniqueIdentifier>{84a8ebd7-7cf0-47f6-b75e-d441df67da40}</UniqueIdentifier>
    </Filter>
    <Filter Include="resource">
      <UniqueIdentifier>{715254bc-d70b-4ec5-bf29-467dd3ace079}</UniqueIdentifier>
    </Filter>
    <Filter Include="src">
      <UniqueIdentifier>{bb6c862e-70e9-49d9-81b7-3829a6f50471}</UniqueIdentifier>
    </Filter>
    <Filter Include="src\QE">
      <UniqueIdentifier>{d86bba5b-b137-4390-9d3b-a8b11110b6f6}</UniqueIdentifier>
    </Filter>
    <Filter Include="src\QE\support">
      <UniqueIdentifier>{3052e007-2467-433b-bc39-cba26c0fe4a7}</UniqueIdentifier>
    </Filter>
    <Filter Include="src\Network">
      <UniqueIdentifier>{20b5d59d-325b-4a81-92ce-fd41e3ad05a0}</UniqueIdentifier>
    </Filter>
  </ItemGroup>
  <ItemGroup>
    <ClCompile Include="main.cpp">
      <Filter>win32</Filter>
    </ClCompile>
    <ClCompile Include="..\Classes\AppDelegate.cpp">
      <Filter>src</Filter>
    </ClCompile>
    <ClCompile Include="..\Classes\HelloWorldScene.cpp">
      <Filter>src</Filter>
    </ClCompile>
    <ClCompile Include="..\Classes\QE\QAnimate.cpp">
      <Filter>src\QE\support</Filter>
    </ClCompile>
    <ClCompile Include="..\Classes\QE\QJson.cpp">
      <Filter>src\QE\support</Filter>
    </ClCompile>
    <ClCompile Include="..\Classes\QE\QMenu.cpp">
      <Filter>src\QE\support</Filter>
    </ClCompile>
    <ClCompile Include="..\Classes\QE\QObject.cpp">
      <Filter>src\QE\support</Filter>
    </ClCompile>
    <ClCompile Include="..\Classes\QE\QScene.cpp">
      <Filter>src\QE\support</Filter>
    </ClCompile>
    <ClCompile Include="..\Classes\QE\QSprite.cpp">
      <Filter>src\QE\support</Filter>
    </ClCompile>
    <ClCompile Include="..\Classes\QE\QTMX.cpp">
      <Filter>src\QE\support</Filter>
    </ClCompile>
    <ClCompile Include="..\Classes\SignInScene.cpp">
      <Filter>src\Network</Filter>
    </ClCompile>
    <ClCompile Include="..\Classes\Connect.cpp">
      <Filter>src\Network</Filter>
    </ClCompile>
    <ClCompile Include="..\Classes\QE\QCharsetConvert.cpp">
      <Filter>src\QE\support</Filter>
    </ClCompile>
  </ItemGroup>
  <ItemGroup>
    <ClInclude Include="main.h">
      <Filter>win32</Filter>
    </ClInclude>
    <ClInclude Include="..\Classes\AppDelegate.h">
      <Filter>src</Filter>
    </ClInclude>
    <ClInclude Include="..\Classes\HelloWorldScene.h">
      <Filter>src</Filter>
    </ClInclude>
    <ClInclude Include="..\Classes\QE.h">
      <Filter>src\QE</Filter>
    </ClInclude>
    <ClInclude Include="..\Classes\QE\QAnimate.h">
      <Filter>src\QE\support</Filter>
    </ClInclude>
    <ClInclude Include="..\Classes\QE\QDesignMode.h">
      <Filter>src\QE\support</Filter>
    </ClInclude>
    <ClInclude Include="..\Classes\QE\QFileUtils.h">
      <Filter>src\QE\support</Filter>
    </ClInclude>
    <ClInclude Include="..\Classes\QE\QJson.h">
      <Filter>src\QE\support</Filter>
    </ClInclude>
    <ClInclude Include="..\Classes\QE\QLayer.h">
      <Filter>src\QE\support</Filter>
    </ClInclude>
    <ClInclude Include="..\Classes\QE\QMenu.h">
      <Filter>src\QE\support</Filter>
    </ClInclude>
    <ClInclude Include="..\Classes\QE\QObject.h">
      <Filter>src\QE\support</Filter>
    </ClInclude>
    <ClInclude Include="..\Classes\QE\QScene.h">
      <Filter>src\QE\support</Filter>
    </ClInclude>
    <ClInclude Include="..\Classes\QE\QSprite.h">
      <Filter>src\QE\support</Filter>
    </ClInclude>
    <ClInclude Include="..\Classes\QE\QTMX.h">
      <Filter>src\QE\support</Filter>
    </ClInclude>
    <ClInclude Include="..\Classes\QE\QType.h">
      <Filter>src\QE\support</Filter>
    </ClInclude>
    <ClInclude Include="..\Classes\SignInScene.h">
      <Filter>src\Network</Filter>
    </ClInclude>
    <ClInclude Include="..\Classes\Connect.h">
      <Filter>src\Network</Filter>
    </ClInclude>
    <ClInclude Include="..\Classes\QE\QCharsetConvert.h">
      <Filter>src\QE\support</Filter>
    </ClInclude>
  </ItemGroup>
  <ItemGroup>
    <ResourceCompile Include="game.rc">
      <Filter>resource</Filter>
    </ResourceCompile>
  </ItemGroup>
</Project>